{
  "object": {
    "pins": [
      {
        "package": "ChaosTheory",
        "repositoryURL": "https://github.com/ertembiyik/ChaosTheory.git",
        "state": {
          "branch": "main",
          "revision": "7526f6ba644f966012f1981f0c00b559dca13bad",
          "version": null
        }
      }
    ]
  },
  "version": 1
}
