{
  "object": {
    "pins": [
      {
        "package": "ChaosTheory",
        "repositoryURL": "https://github.com/ertembiyik/ChaosTheory.git",
        "state": {
          "branch": "main",
          "revision": "8838d7860a77b22bef95cde9ef4c5a9f660923ab",
          "version": null
        }
      }
    ]
  },
  "version": 1
}
