{
  "object": {
    "pins": [
      {
        "package": "ChaosTheory",
        "repositoryURL": "https://github.com/ertembiyik/ChaosTheory.git",
        "state": {
          "branch": "main",
          "revision": "69e60292acde94cbbc8bfb675e208fda8abeb1c1",
          "version": null
        }
      }
    ]
  },
  "version": 1
}
